
Microsoft Visual Studio Solution File, Format Version 12.00
# Visual Studio Version 16
VisualStudioVersion = 16.0.29102.190
MinimumVisualStudioVersion = 10.0.40219.1
Project("{FAE04EC0-301F-11D3-BF4B-00C04F79EFBC}") = "InterfaceFactory", "InterfaceFactory\InterfaceFactory.csproj", "{2A9A3429-CC1F-4106-A801-955CE3AC370A}"
EndProject
Project("{2150E333-8FDC-42A3-9474-1A3956D46DE8}") = "Solution Items", "Solution Items", "{677C03E2-6981-450F-A2D0-3C41D479AB83}"
	ProjectSection(SolutionItems) = preProject
		LICENSE.txt = LICENSE.txt
		README.md = README.md
	EndProjectSection
EndProject
Project("{FAE04EC0-301F-11D3-BF4B-00C04F79EFBC}") = "Test.InterfaceFactory", "Test.InterfaceFactory\Test.InterfaceFactory.csproj", "{E40D47DD-37B4-4B3E-87E5-8C47CB16F46D}"
EndProject
Global
	GlobalSection(SolutionConfigurationPlatforms) = preSolution
		Debug|Any CPU = Debug|Any CPU
		Release|Any CPU = Release|Any CPU
	EndGlobalSection
	GlobalSection(ProjectConfigurationPlatforms) = postSolution
		{2A9A3429-CC1F-4106-A801-955CE3AC370A}.Debug|Any CPU.ActiveCfg = Debug|Any CPU
		{2A9A3429-CC1F-4106-A801-955CE3AC370A}.Debug|Any CPU.Build.0 = Debug|Any CPU
		{2A9A3429-CC1F-4106-A801-955CE3AC370A}.Release|Any CPU.ActiveCfg = Release|Any CPU
		{2A9A3429-CC1F-4106-A801-955CE3AC370A}.Release|Any CPU.Build.0 = Release|Any CPU
		{E40D47DD-37B4-4B3E-87E5-8C47CB16F46D}.Debug|Any CPU.ActiveCfg = Debug|Any CPU
		{E40D47DD-37B4-4B3E-87E5-8C47CB16F46D}.Debug|Any CPU.Build.0 = Debug|Any CPU
		{E40D47DD-37B4-4B3E-87E5-8C47CB16F46D}.Release|Any CPU.ActiveCfg = Release|Any CPU
		{E40D47DD-37B4-4B3E-87E5-8C47CB16F46D}.Release|Any CPU.Build.0 = Release|Any CPU
	EndGlobalSection
	GlobalSection(SolutionProperties) = preSolution
		HideSolutionNode = FALSE
	EndGlobalSection
	GlobalSection(ExtensibilityGlobals) = postSolution
		SolutionGuid = {A76C4EA6-369B-4F47-96FD-73B74CE67AF7}
	EndGlobalSection
EndGlobal
